
Microsoft Visual Studio Solution File, Format Version 11.00
# Visual Studio 2010
Project("{FAE04EC0-301F-11D3-BF4B-00C04F79EFBC}") = "CTCtrl", "CTCtrl\CTCtrl.csproj", "{DEF611C1-49FC-4DBA-B5BC-EA8234D98790}"
EndProject
Project("{FAE04EC0-301F-11D3-BF4B-00C04F79EFBC}") = "VirtualXBee", "VirtualXBee\VirtualXBee.csproj", "{596343F8-6709-4E63-BEB8-504F8E75C014}"
EndProject
Project("{8BC9CEB8-8B4A-11D0-8D11-00A0C91BC942}") = "library", "library\library.vcxproj", "{E09DC112-7613-4CB4-8974-D04343218102}"
EndProject
Project("{FAE04EC0-301F-11D3-BF4B-00C04F79EFBC}") = "XBee", "XBee\XBee.csproj", "{90EDF05F-C1AF-4662-90A5-539EBC808DE2}"
EndProject
Global
	GlobalSection(SolutionConfigurationPlatforms) = preSolution
		Debug|Any CPU = Debug|Any CPU
		Debug|Mixed Platforms = Debug|Mixed Platforms
		Debug|Win32 = Debug|Win32
		Debug|x86 = Debug|x86
		Release|Any CPU = Release|Any CPU
		Release|Mixed Platforms = Release|Mixed Platforms
		Release|Win32 = Release|Win32
		Release|x86 = Release|x86
	EndGlobalSection
	GlobalSection(ProjectConfigurationPlatforms) = postSolution
		{DEF611C1-49FC-4DBA-B5BC-EA8234D98790}.Debug|Any CPU.ActiveCfg = Debug|x86
		{DEF611C1-49FC-4DBA-B5BC-EA8234D98790}.Debug|Mixed Platforms.ActiveCfg = Debug|x86
		{DEF611C1-49FC-4DBA-B5BC-EA8234D98790}.Debug|Mixed Platforms.Build.0 = Debug|x86
		{DEF611C1-49FC-4DBA-B5BC-EA8234D98790}.Debug|Win32.ActiveCfg = Debug|x86
		{DEF611C1-49FC-4DBA-B5BC-EA8234D98790}.Debug|x86.ActiveCfg = Debug|x86
		{DEF611C1-49FC-4DBA-B5BC-EA8234D98790}.Debug|x86.Build.0 = Debug|x86
		{DEF611C1-49FC-4DBA-B5BC-EA8234D98790}.Release|Any CPU.ActiveCfg = Release|x86
		{DEF611C1-49FC-4DBA-B5BC-EA8234D98790}.Release|Mixed Platforms.ActiveCfg = Release|x86
		{DEF611C1-49FC-4DBA-B5BC-EA8234D98790}.Release|Mixed Platforms.Build.0 = Release|x86
		{DEF611C1-49FC-4DBA-B5BC-EA8234D98790}.Release|Win32.ActiveCfg = Release|x86
		{DEF611C1-49FC-4DBA-B5BC-EA8234D98790}.Release|x86.ActiveCfg = Release|x86
		{DEF611C1-49FC-4DBA-B5BC-EA8234D98790}.Release|x86.Build.0 = Release|x86
		{596343F8-6709-4E63-BEB8-504F8E75C014}.Debug|Any CPU.ActiveCfg = Debug|x86
		{596343F8-6709-4E63-BEB8-504F8E75C014}.Debug|Mixed Platforms.ActiveCfg = Debug|x86
		{596343F8-6709-4E63-BEB8-504F8E75C014}.Debug|Mixed Platforms.Build.0 = Debug|x86
		{596343F8-6709-4E63-BEB8-504F8E75C014}.Debug|Win32.ActiveCfg = Debug|x86
		{596343F8-6709-4E63-BEB8-504F8E75C014}.Debug|x86.ActiveCfg = Debug|x86
		{596343F8-6709-4E63-BEB8-504F8E75C014}.Debug|x86.Build.0 = Debug|x86
		{596343F8-6709-4E63-BEB8-504F8E75C014}.Release|Any CPU.ActiveCfg = Release|x86
		{596343F8-6709-4E63-BEB8-504F8E75C014}.Release|Mixed Platforms.ActiveCfg = Release|x86
		{596343F8-6709-4E63-BEB8-504F8E75C014}.Release|Mixed Platforms.Build.0 = Release|x86
		{596343F8-6709-4E63-BEB8-504F8E75C014}.Release|Win32.ActiveCfg = Release|x86
		{596343F8-6709-4E63-BEB8-504F8E75C014}.Release|x86.ActiveCfg = Release|x86
		{596343F8-6709-4E63-BEB8-504F8E75C014}.Release|x86.Build.0 = Release|x86
		{E09DC112-7613-4CB4-8974-D04343218102}.Debug|Any CPU.ActiveCfg = Debug|Win32
		{E09DC112-7613-4CB4-8974-D04343218102}.Debug|Mixed Platforms.ActiveCfg = Debug|Win32
		{E09DC112-7613-4CB4-8974-D04343218102}.Debug|Mixed Platforms.Build.0 = Debug|Win32
		{E09DC112-7613-4CB4-8974-D04343218102}.Debug|Win32.ActiveCfg = Debug|Win32
		{E09DC112-7613-4CB4-8974-D04343218102}.Debug|Win32.Build.0 = Debug|Win32
		{E09DC112-7613-4CB4-8974-D04343218102}.Debug|x86.ActiveCfg = Debug|Win32
		{E09DC112-7613-4CB4-8974-D04343218102}.Release|Any CPU.ActiveCfg = Release|Win32
		{E09DC112-7613-4CB4-8974-D04343218102}.Release|Mixed Platforms.ActiveCfg = Release|Win32
		{E09DC112-7613-4CB4-8974-D04343218102}.Release|Mixed Platforms.Build.0 = Release|Win32
		{E09DC112-7613-4CB4-8974-D04343218102}.Release|Win32.ActiveCfg = Release|Win32
		{E09DC112-7613-4CB4-8974-D04343218102}.Release|Win32.Build.0 = Release|Win32
		{E09DC112-7613-4CB4-8974-D04343218102}.Release|x86.ActiveCfg = Release|Win32
		{90EDF05F-C1AF-4662-90A5-539EBC808DE2}.Debug|Any CPU.ActiveCfg = Debug|Any CPU
		{90EDF05F-C1AF-4662-90A5-539EBC808DE2}.Debug|Any CPU.Build.0 = Debug|Any CPU
		{90EDF05F-C1AF-4662-90A5-539EBC808DE2}.Debug|Mixed Platforms.ActiveCfg = Debug|Any CPU
		{90EDF05F-C1AF-4662-90A5-539EBC808DE2}.Debug|Mixed Platforms.Build.0 = Debug|Any CPU
		{90EDF05F-C1AF-4662-90A5-539EBC808DE2}.Debug|Win32.ActiveCfg = Debug|Any CPU
		{90EDF05F-C1AF-4662-90A5-539EBC808DE2}.Debug|x86.ActiveCfg = Debug|Any CPU
		{90EDF05F-C1AF-4662-90A5-539EBC808DE2}.Release|Any CPU.ActiveCfg = Release|Any CPU
		{90EDF05F-C1AF-4662-90A5-539EBC808DE2}.Release|Any CPU.Build.0 = Release|Any CPU
		{90EDF05F-C1AF-4662-90A5-539EBC808DE2}.Release|Mixed Platforms.ActiveCfg = Release|Any CPU
		{90EDF05F-C1AF-4662-90A5-539EBC808DE2}.Release|Mixed Platforms.Build.0 = Release|Any CPU
		{90EDF05F-C1AF-4662-90A5-539EBC808DE2}.Release|Win32.ActiveCfg = Release|Any CPU
		{90EDF05F-C1AF-4662-90A5-539EBC808DE2}.Release|x86.ActiveCfg = Release|Any CPU
	EndGlobalSection
	GlobalSection(SolutionProperties) = preSolution
		HideSolutionNode = FALSE
	EndGlobalSection
EndGlobal
