
Microsoft Visual Studio Solution File, Format Version 11.00
# Visual Studio 2010
Project("{FAE04EC0-301F-11D3-BF4B-00C04F79EFBC}") = "CTCtrl", "CTCtrl\CTCtrl.csproj", "{DEF611C1-49FC-4DBA-B5BC-EA8234D98790}"
EndProject
Project("{FAE04EC0-301F-11D3-BF4B-00C04F79EFBC}") = "VirtualXBee", "VirtualXBee\VirtualXBee.csproj", "{596343F8-6709-4E63-BEB8-504F8E75C014}"
EndProject
Project("{FAE04EC0-301F-11D3-BF4B-00C04F79EFBC}") = "XBee", "XBee\XBee.csproj", "{A94D0DF7-EF3A-4B0D-95D5-B23005CEB2FF}"
EndProject
Global
	GlobalSection(SolutionConfigurationPlatforms) = preSolution
		Debug|Any CPU = Debug|Any CPU
		Debug|Mixed Platforms = Debug|Mixed Platforms
		Debug|x86 = Debug|x86
		Release|Any CPU = Release|Any CPU
		Release|Mixed Platforms = Release|Mixed Platforms
		Release|x86 = Release|x86
	EndGlobalSection
	GlobalSection(ProjectConfigurationPlatforms) = postSolution
		{DEF611C1-49FC-4DBA-B5BC-EA8234D98790}.Debug|Any CPU.ActiveCfg = Debug|x86
		{DEF611C1-49FC-4DBA-B5BC-EA8234D98790}.Debug|Mixed Platforms.ActiveCfg = Debug|x86
		{DEF611C1-49FC-4DBA-B5BC-EA8234D98790}.Debug|Mixed Platforms.Build.0 = Debug|x86
		{DEF611C1-49FC-4DBA-B5BC-EA8234D98790}.Debug|x86.ActiveCfg = Debug|x86
		{DEF611C1-49FC-4DBA-B5BC-EA8234D98790}.Debug|x86.Build.0 = Debug|x86
		{DEF611C1-49FC-4DBA-B5BC-EA8234D98790}.Release|Any CPU.ActiveCfg = Release|x86
		{DEF611C1-49FC-4DBA-B5BC-EA8234D98790}.Release|Mixed Platforms.ActiveCfg = Release|x86
		{DEF611C1-49FC-4DBA-B5BC-EA8234D98790}.Release|Mixed Platforms.Build.0 = Release|x86
		{DEF611C1-49FC-4DBA-B5BC-EA8234D98790}.Release|x86.ActiveCfg = Release|x86
		{DEF611C1-49FC-4DBA-B5BC-EA8234D98790}.Release|x86.Build.0 = Release|x86
		{596343F8-6709-4E63-BEB8-504F8E75C014}.Debug|Any CPU.ActiveCfg = Debug|x86
		{596343F8-6709-4E63-BEB8-504F8E75C014}.Debug|Mixed Platforms.ActiveCfg = Debug|x86
		{596343F8-6709-4E63-BEB8-504F8E75C014}.Debug|Mixed Platforms.Build.0 = Debug|x86
		{596343F8-6709-4E63-BEB8-504F8E75C014}.Debug|x86.ActiveCfg = Debug|x86
		{596343F8-6709-4E63-BEB8-504F8E75C014}.Debug|x86.Build.0 = Debug|x86
		{596343F8-6709-4E63-BEB8-504F8E75C014}.Release|Any CPU.ActiveCfg = Release|x86
		{596343F8-6709-4E63-BEB8-504F8E75C014}.Release|Mixed Platforms.ActiveCfg = Release|x86
		{596343F8-6709-4E63-BEB8-504F8E75C014}.Release|Mixed Platforms.Build.0 = Release|x86
		{596343F8-6709-4E63-BEB8-504F8E75C014}.Release|x86.ActiveCfg = Release|x86
		{596343F8-6709-4E63-BEB8-504F8E75C014}.Release|x86.Build.0 = Release|x86
		{A94D0DF7-EF3A-4B0D-95D5-B23005CEB2FF}.Debug|Any CPU.ActiveCfg = Debug|Any CPU
		{A94D0DF7-EF3A-4B0D-95D5-B23005CEB2FF}.Debug|Any CPU.Build.0 = Debug|Any CPU
		{A94D0DF7-EF3A-4B0D-95D5-B23005CEB2FF}.Debug|Mixed Platforms.ActiveCfg = Debug|Any CPU
		{A94D0DF7-EF3A-4B0D-95D5-B23005CEB2FF}.Debug|Mixed Platforms.Build.0 = Debug|Any CPU
		{A94D0DF7-EF3A-4B0D-95D5-B23005CEB2FF}.Debug|x86.ActiveCfg = Debug|Any CPU
		{A94D0DF7-EF3A-4B0D-95D5-B23005CEB2FF}.Release|Any CPU.ActiveCfg = Release|Any CPU
		{A94D0DF7-EF3A-4B0D-95D5-B23005CEB2FF}.Release|Any CPU.Build.0 = Release|Any CPU
		{A94D0DF7-EF3A-4B0D-95D5-B23005CEB2FF}.Release|Mixed Platforms.ActiveCfg = Release|Any CPU
		{A94D0DF7-EF3A-4B0D-95D5-B23005CEB2FF}.Release|Mixed Platforms.Build.0 = Release|Any CPU
		{A94D0DF7-EF3A-4B0D-95D5-B23005CEB2FF}.Release|x86.ActiveCfg = Release|Any CPU
	EndGlobalSection
	GlobalSection(SolutionProperties) = preSolution
		HideSolutionNode = FALSE
	EndGlobalSection
EndGlobal
